
Microsoft Visual Studio Solution File, Format Version 12.00
# Visual Studio 14
VisualStudioVersion = 14.0.25420.1
MinimumVisualStudioVersion = 10.0.40219.1
Project("{FAE04EC0-301F-11D3-BF4B-00C04F79EFBC}") = "ThamMa", "ThamMa\ThamMa.csproj", "{69B4FEDC-EAF2-4DDD-BBF9-6ED6396BED8C}"
EndProject
Global
	GlobalSection(SolutionConfigurationPlatforms) = preSolution
		Debug|Any CPU = Debug|Any CPU
		Release|Any CPU = Release|Any CPU
	EndGlobalSection
	GlobalSection(ProjectConfigurationPlatforms) = postSolution
		{69B4FEDC-EAF2-4DDD-BBF9-6ED6396BED8C}.Debug|Any CPU.ActiveCfg = Debug|Any CPU
		{69B4FEDC-EAF2-4DDD-BBF9-6ED6396BED8C}.Debug|Any CPU.Build.0 = Debug|Any CPU
		{69B4FEDC-EAF2-4DDD-BBF9-6ED6396BED8C}.Release|Any CPU.ActiveCfg = Release|Any CPU
		{69B4FEDC-EAF2-4DDD-BBF9-6ED6396BED8C}.Release|Any CPU.Build.0 = Release|Any CPU
	EndGlobalSection
	GlobalSection(SolutionProperties) = preSolution
		HideSolutionNode = FALSE
	EndGlobalSection
EndGlobal
